
Microsoft Visual Studio Solution File, Format Version 12.00
# Visual Studio Version 17
VisualStudioVersion = 17.1.32210.238
MinimumVisualStudioVersion = 10.0.40219.1
Project("{FAE04EC0-301F-11D3-BF4B-00C04F79EFBC}") = "cal", "cal\cal.csproj", "{94B194AB-5B33-4E32-BA32-A656B47029F4}"
EndProject
Global
	GlobalSection(SolutionConfigurationPlatforms) = preSolution
		Debug|Any CPU = Debug|Any CPU
		Release|Any CPU = Release|Any CPU
	EndGlobalSection
	GlobalSection(ProjectConfigurationPlatforms) = postSolution
		{94B194AB-5B33-4E32-BA32-A656B47029F4}.Debug|Any CPU.ActiveCfg = Debug|Any CPU
		{94B194AB-5B33-4E32-BA32-A656B47029F4}.Debug|Any CPU.Build.0 = Debug|Any CPU
		{94B194AB-5B33-4E32-BA32-A656B47029F4}.Release|Any CPU.ActiveCfg = Release|Any CPU
		{94B194AB-5B33-4E32-BA32-A656B47029F4}.Release|Any CPU.Build.0 = Release|Any CPU
	EndGlobalSection
	GlobalSection(SolutionProperties) = preSolution
		HideSolutionNode = FALSE
	EndGlobalSection
	GlobalSection(ExtensibilityGlobals) = postSolution
		SolutionGuid = {A1CBD4F1-95E4-4677-82BC-45780349A67B}
	EndGlobalSection
EndGlobal
